
Microsoft Visual Studio Solution File, Format Version 12.00
# Visual Studio Version 17
VisualStudioVersion = 17.8.34330.188
MinimumVisualStudioVersion = 10.0.40219.1
Project("{2150E333-8FDC-42A3-9474-1A3956D46DE8}") = "src", "src", "{28D89F01-2506-4300-83F2-229414772941}"
EndProject
Project("{9A19103F-16F7-4668-BE54-9A1E7A4F7556}") = "WinFormsLegacyControls", "src\WinFormsLegacyControls\WinFormsLegacyControls.csproj", "{AD00473E-9831-4F88-A33A-F6EBEE66ABC4}"
EndProject
Project("{2150E333-8FDC-42A3-9474-1A3956D46DE8}") = "sandbox", "sandbox", "{5610517B-55CC-4F08-973B-22FCCD746C2C}"
EndProject
Project("{9A19103F-16F7-4668-BE54-9A1E7A4F7556}") = "WinFormsApp1", "sandbox\WinFormsApp1\WinFormsApp1.csproj", "{F61CFF8A-A550-4D56-AB30-5E5F29F8D3C4}"
EndProject
Project("{9A19103F-16F7-4668-BE54-9A1E7A4F7556}") = "WindowsFormsApp1", "sandbox\WindowsFormsApp1\WindowsFormsApp1.csproj", "{0F2622F9-EAA6-428F-BA08-38CFBD22589C}"
EndProject
Project("{2150E333-8FDC-42A3-9474-1A3956D46DE8}") = "Solution Items", "Solution Items", "{434C7CAE-4C7E-4AFC-A42B-BC07B737F223}"
	ProjectSection(SolutionItems) = preProject
		.editorconfig = .editorconfig
	EndProjectSection
EndProject
Global
	GlobalSection(SolutionConfigurationPlatforms) = preSolution
		Debug|Any CPU = Debug|Any CPU
		Release|Any CPU = Release|Any CPU
	EndGlobalSection
	GlobalSection(ProjectConfigurationPlatforms) = postSolution
		{AD00473E-9831-4F88-A33A-F6EBEE66ABC4}.Debug|Any CPU.ActiveCfg = Debug|Any CPU
		{AD00473E-9831-4F88-A33A-F6EBEE66ABC4}.Debug|Any CPU.Build.0 = Debug|Any CPU
		{AD00473E-9831-4F88-A33A-F6EBEE66ABC4}.Release|Any CPU.ActiveCfg = Release|Any CPU
		{AD00473E-9831-4F88-A33A-F6EBEE66ABC4}.Release|Any CPU.Build.0 = Release|Any CPU
		{F61CFF8A-A550-4D56-AB30-5E5F29F8D3C4}.Debug|Any CPU.ActiveCfg = Debug|Any CPU
		{F61CFF8A-A550-4D56-AB30-5E5F29F8D3C4}.Debug|Any CPU.Build.0 = Debug|Any CPU
		{F61CFF8A-A550-4D56-AB30-5E5F29F8D3C4}.Release|Any CPU.ActiveCfg = Release|Any CPU
		{F61CFF8A-A550-4D56-AB30-5E5F29F8D3C4}.Release|Any CPU.Build.0 = Release|Any CPU
		{0F2622F9-EAA6-428F-BA08-38CFBD22589C}.Debug|Any CPU.ActiveCfg = Debug|Any CPU
		{0F2622F9-EAA6-428F-BA08-38CFBD22589C}.Debug|Any CPU.Build.0 = Debug|Any CPU
		{0F2622F9-EAA6-428F-BA08-38CFBD22589C}.Release|Any CPU.ActiveCfg = Release|Any CPU
		{0F2622F9-EAA6-428F-BA08-38CFBD22589C}.Release|Any CPU.Build.0 = Release|Any CPU
	EndGlobalSection
	GlobalSection(SolutionProperties) = preSolution
		HideSolutionNode = FALSE
	EndGlobalSection
	GlobalSection(NestedProjects) = preSolution
		{AD00473E-9831-4F88-A33A-F6EBEE66ABC4} = {28D89F01-2506-4300-83F2-229414772941}
		{F61CFF8A-A550-4D56-AB30-5E5F29F8D3C4} = {5610517B-55CC-4F08-973B-22FCCD746C2C}
		{0F2622F9-EAA6-428F-BA08-38CFBD22589C} = {5610517B-55CC-4F08-973B-22FCCD746C2C}
	EndGlobalSection
	GlobalSection(ExtensibilityGlobals) = postSolution
		SolutionGuid = {0F686D8A-245C-4769-B932-E0E238B61D21}
	EndGlobalSection
EndGlobal
